
Microsoft Visual Studio Solution File, Format Version 12.00
# Visual Studio Version 17
VisualStudioVersion = 17.6.33815.320
MinimumVisualStudioVersion = 10.0.40219.1
Project("{FAE04EC0-301F-11D3-BF4B-00C04F79EFBC}") = "Mockassesment6", "Mockassesment6\Mockassesment6.csproj", "{BE75CB80-3E11-414A-99FB-20A9C6414FEF}"
EndProject
Global
	GlobalSection(SolutionConfigurationPlatforms) = preSolution
		Debug|Any CPU = Debug|Any CPU
		Release|Any CPU = Release|Any CPU
	EndGlobalSection
	GlobalSection(ProjectConfigurationPlatforms) = postSolution
		{BE75CB80-3E11-414A-99FB-20A9C6414FEF}.Debug|Any CPU.ActiveCfg = Debug|Any CPU
		{BE75CB80-3E11-414A-99FB-20A9C6414FEF}.Debug|Any CPU.Build.0 = Debug|Any CPU
		{BE75CB80-3E11-414A-99FB-20A9C6414FEF}.Release|Any CPU.ActiveCfg = Release|Any CPU
		{BE75CB80-3E11-414A-99FB-20A9C6414FEF}.Release|Any CPU.Build.0 = Release|Any CPU
	EndGlobalSection
	GlobalSection(SolutionProperties) = preSolution
		HideSolutionNode = FALSE
	EndGlobalSection
	GlobalSection(ExtensibilityGlobals) = postSolution
		SolutionGuid = {A87CDFC0-7CD4-4F44-86F7-C940E6C4CE1F}
	EndGlobalSection
EndGlobal
